
Microsoft Visual Studio Solution File, Format Version 12.00
# Visual Studio 15
VisualStudioVersion = 15.0.28307.271
MinimumVisualStudioVersion = 10.0.40219.1
Project("{FAE04EC0-301F-11D3-BF4B-00C04F79EFBC}") = "BinarySearchTree", "BinarySearchTree\BinarySearchTree.csproj", "{C65AF60F-D845-4D44-AD93-C3C51D5BAF0B}"
EndProject
Global
	GlobalSection(SolutionConfigurationPlatforms) = preSolution
		Debug|Any CPU = Debug|Any CPU
		Release|Any CPU = Release|Any CPU
	EndGlobalSection
	GlobalSection(ProjectConfigurationPlatforms) = postSolution
		{C65AF60F-D845-4D44-AD93-C3C51D5BAF0B}.Debug|Any CPU.ActiveCfg = Debug|Any CPU
		{C65AF60F-D845-4D44-AD93-C3C51D5BAF0B}.Debug|Any CPU.Build.0 = Debug|Any CPU
		{C65AF60F-D845-4D44-AD93-C3C51D5BAF0B}.Release|Any CPU.ActiveCfg = Release|Any CPU
		{C65AF60F-D845-4D44-AD93-C3C51D5BAF0B}.Release|Any CPU.Build.0 = Release|Any CPU
	EndGlobalSection
	GlobalSection(SolutionProperties) = preSolution
		HideSolutionNode = FALSE
	EndGlobalSection
	GlobalSection(ExtensibilityGlobals) = postSolution
		SolutionGuid = {14B16149-E3C6-4A29-BD98-61F3B9D70249}
	EndGlobalSection
EndGlobal
